
Microsoft Visual Studio Solution File, Format Version 12.00
# Visual Studio Version 16
VisualStudioVersion = 16.0.31402.337
MinimumVisualStudioVersion = 10.0.40219.1
Project("{2150E333-8FDC-42A3-9474-1A3956D46DE8}") = "Configurations", "Configurations", "{0E61A23C-AC8B-4F9B-80E9-C761A8F5FBCD}"
	ProjectSection(SolutionItems) = preProject
		Druid_Page_Action_Datasource.json = Druid_Page_Action_Datasource.json
		Druid_Product_Action_Datasource.Json = Druid_Product_Action_Datasource.Json
	EndProjectSection
EndProject
Project("{9A19103F-16F7-4668-BE54-9A1E7A4F7556}") = "Sticky.Domain", "Sticky.Domain\Sticky.Domain.csproj", "{8A6A6DF8-6371-46CD-B43D-764C2F5F261A}"
EndProject
Project("{9A19103F-16F7-4668-BE54-9A1E7A4F7556}") = "Sticky.Infrastructure", "Sticky.Infrastructure\Sticky.Infrastructure.csproj", "{015A217B-16C7-46C3-A5BE-5BF3426145E5}"
EndProject
Project("{9A19103F-16F7-4668-BE54-9A1E7A4F7556}") = "Sticky.Application.Dashboard", "Sticky.Application.Dashboard\Sticky.Application.Dashboard.csproj", "{90B2140A-8140-4D86-B0A1-A7E45496D8B0}"
EndProject
Project("{9A19103F-16F7-4668-BE54-9A1E7A4F7556}") = "Sticky.Application.Script", "Sticky.Application.Script\Sticky.Application.Script.csproj", "{7A2180A8-1F95-4AD3-AD57-065B488E6D7C}"
EndProject
Project("{9A19103F-16F7-4668-BE54-9A1E7A4F7556}") = "Sticky.Application.CacheUpdater", "Sticky.Application.CacheUpdater\Sticky.Application.CacheUpdater.csproj", "{B4408F0D-6CAF-4F63-BA4F-7D4FB4E18B9B}"
EndProject
Project("{9A19103F-16F7-4668-BE54-9A1E7A4F7556}") = "Sticky.Application.CookieSyncing", "Sticky.Application.CookieSyncing\Sticky.Application.CookieSyncing.csproj", "{DD7E7821-29EF-43CF-A996-9F2E07AE30C3}"
EndProject
Project("{9A19103F-16F7-4668-BE54-9A1E7A4F7556}") = "Sticky.Application.ResponseUpdater", "Sticky.Application.ResponseUpdater\Sticky.Application.ResponseUpdater.csproj", "{0DC92383-0E83-4A3E-9D05-2D5B6A5D2D38}"
EndProject
Project("{9A19103F-16F7-4668-BE54-9A1E7A4F7556}") = "Sticky.Application.Advertising", "Sticky.Application.Advertising\Sticky.Application.Advertising.csproj", "{1A3BF622-4084-4D41-B7A4-2AADB458F17C}"
EndProject
Project("{FAE04EC0-301F-11D3-BF4B-00C04F79EFBC}") = "Sticky.Application.Consumer", "Sticky.Application.Consumer\Sticky.Application.Consumer.csproj", "{CF13EC21-C893-4EB0-A630-D41008CD5A12}"
EndProject
Global
	GlobalSection(SolutionConfigurationPlatforms) = preSolution
		Debug|Any CPU = Debug|Any CPU
		Release|Any CPU = Release|Any CPU
	EndGlobalSection
	GlobalSection(ProjectConfigurationPlatforms) = postSolution
		{8A6A6DF8-6371-46CD-B43D-764C2F5F261A}.Debug|Any CPU.ActiveCfg = Debug|Any CPU
		{8A6A6DF8-6371-46CD-B43D-764C2F5F261A}.Debug|Any CPU.Build.0 = Debug|Any CPU
		{8A6A6DF8-6371-46CD-B43D-764C2F5F261A}.Release|Any CPU.ActiveCfg = Release|Any CPU
		{8A6A6DF8-6371-46CD-B43D-764C2F5F261A}.Release|Any CPU.Build.0 = Release|Any CPU
		{015A217B-16C7-46C3-A5BE-5BF3426145E5}.Debug|Any CPU.ActiveCfg = Debug|Any CPU
		{015A217B-16C7-46C3-A5BE-5BF3426145E5}.Debug|Any CPU.Build.0 = Debug|Any CPU
		{015A217B-16C7-46C3-A5BE-5BF3426145E5}.Release|Any CPU.ActiveCfg = Release|Any CPU
		{015A217B-16C7-46C3-A5BE-5BF3426145E5}.Release|Any CPU.Build.0 = Release|Any CPU
		{90B2140A-8140-4D86-B0A1-A7E45496D8B0}.Debug|Any CPU.ActiveCfg = Debug|Any CPU
		{90B2140A-8140-4D86-B0A1-A7E45496D8B0}.Debug|Any CPU.Build.0 = Debug|Any CPU
		{90B2140A-8140-4D86-B0A1-A7E45496D8B0}.Release|Any CPU.ActiveCfg = Release|Any CPU
		{90B2140A-8140-4D86-B0A1-A7E45496D8B0}.Release|Any CPU.Build.0 = Release|Any CPU
		{7A2180A8-1F95-4AD3-AD57-065B488E6D7C}.Debug|Any CPU.ActiveCfg = Debug|Any CPU
		{7A2180A8-1F95-4AD3-AD57-065B488E6D7C}.Debug|Any CPU.Build.0 = Debug|Any CPU
		{7A2180A8-1F95-4AD3-AD57-065B488E6D7C}.Release|Any CPU.ActiveCfg = Release|Any CPU
		{7A2180A8-1F95-4AD3-AD57-065B488E6D7C}.Release|Any CPU.Build.0 = Release|Any CPU
		{B4408F0D-6CAF-4F63-BA4F-7D4FB4E18B9B}.Debug|Any CPU.ActiveCfg = Debug|Any CPU
		{B4408F0D-6CAF-4F63-BA4F-7D4FB4E18B9B}.Debug|Any CPU.Build.0 = Debug|Any CPU
		{B4408F0D-6CAF-4F63-BA4F-7D4FB4E18B9B}.Release|Any CPU.ActiveCfg = Release|Any CPU
		{B4408F0D-6CAF-4F63-BA4F-7D4FB4E18B9B}.Release|Any CPU.Build.0 = Release|Any CPU
		{DD7E7821-29EF-43CF-A996-9F2E07AE30C3}.Debug|Any CPU.ActiveCfg = Debug|Any CPU
		{DD7E7821-29EF-43CF-A996-9F2E07AE30C3}.Debug|Any CPU.Build.0 = Debug|Any CPU
		{DD7E7821-29EF-43CF-A996-9F2E07AE30C3}.Release|Any CPU.ActiveCfg = Release|Any CPU
		{DD7E7821-29EF-43CF-A996-9F2E07AE30C3}.Release|Any CPU.Build.0 = Release|Any CPU
		{0DC92383-0E83-4A3E-9D05-2D5B6A5D2D38}.Debug|Any CPU.ActiveCfg = Debug|Any CPU
		{0DC92383-0E83-4A3E-9D05-2D5B6A5D2D38}.Debug|Any CPU.Build.0 = Debug|Any CPU
		{0DC92383-0E83-4A3E-9D05-2D5B6A5D2D38}.Release|Any CPU.ActiveCfg = Release|Any CPU
		{0DC92383-0E83-4A3E-9D05-2D5B6A5D2D38}.Release|Any CPU.Build.0 = Release|Any CPU
		{1A3BF622-4084-4D41-B7A4-2AADB458F17C}.Debug|Any CPU.ActiveCfg = Debug|Any CPU
		{1A3BF622-4084-4D41-B7A4-2AADB458F17C}.Debug|Any CPU.Build.0 = Debug|Any CPU
		{1A3BF622-4084-4D41-B7A4-2AADB458F17C}.Release|Any CPU.ActiveCfg = Release|Any CPU
		{1A3BF622-4084-4D41-B7A4-2AADB458F17C}.Release|Any CPU.Build.0 = Release|Any CPU
		{CF13EC21-C893-4EB0-A630-D41008CD5A12}.Debug|Any CPU.ActiveCfg = Debug|Any CPU
		{CF13EC21-C893-4EB0-A630-D41008CD5A12}.Debug|Any CPU.Build.0 = Debug|Any CPU
		{CF13EC21-C893-4EB0-A630-D41008CD5A12}.Release|Any CPU.ActiveCfg = Release|Any CPU
		{CF13EC21-C893-4EB0-A630-D41008CD5A12}.Release|Any CPU.Build.0 = Release|Any CPU
	EndGlobalSection
	GlobalSection(SolutionProperties) = preSolution
		HideSolutionNode = FALSE
	EndGlobalSection
	GlobalSection(ExtensibilityGlobals) = postSolution
		SolutionGuid = {14A30135-3B09-4D9C-9482-10EC7741BF1C}
	EndGlobalSection
EndGlobal
